
Microsoft Visual Studio Solution File, Format Version 12.00
# Visual Studio Version 17
VisualStudioVersion = 17.0.31903.59
MinimumVisualStudioVersion = 10.0.40219.1
Project("{2150E333-8FDC-42A3-9474-1A3956D46DE8}") = "Solution Items", "Solution Items", "{AFA07ADD-2631-4E37-957A-F59C58E32F2B}"
	ProjectSection(SolutionItems) = preProject
		delivery-plan.md = delivery-plan.md
		project-evaluation.md = project-evaluation.md
		README.md = README.md
		software-architecture.md = software-architecture.md
		solution-requirements.md = solution-requirements.md
		user-stories.md = user-stories.md
	EndProjectSection
EndProject
Project("{FAE04EC0-301F-11D3-BF4B-00C04F79EFBC}") = "WebApi", "WebApi\WebApi.csproj", "{15FA8359-BFC7-457C-9AD5-0432B44AF12C}"
EndProject
Project("{FAE04EC0-301F-11D3-BF4B-00C04F79EFBC}") = "DataLayer", "DataLayer\DataLayer.csproj", "{62C3171E-7BF3-425E-BED1-8884B86B3285}"
EndProject
Project("{FAE04EC0-301F-11D3-BF4B-00C04F79EFBC}") = "DataTest", "DataTest\DataTest.csproj", "{BA4751C7-1CBA-4483-A8B0-72C3338445A7}"
EndProject
Global
	GlobalSection(SolutionConfigurationPlatforms) = preSolution
		Debug|Any CPU = Debug|Any CPU
		Debug|x64 = Debug|x64
		Debug|x86 = Debug|x86
		Release|Any CPU = Release|Any CPU
		Release|x64 = Release|x64
		Release|x86 = Release|x86
	EndGlobalSection
	GlobalSection(ProjectConfigurationPlatforms) = postSolution
		{15FA8359-BFC7-457C-9AD5-0432B44AF12C}.Debug|Any CPU.ActiveCfg = Debug|Any CPU
		{15FA8359-BFC7-457C-9AD5-0432B44AF12C}.Debug|Any CPU.Build.0 = Debug|Any CPU
		{15FA8359-BFC7-457C-9AD5-0432B44AF12C}.Debug|x64.ActiveCfg = Debug|Any CPU
		{15FA8359-BFC7-457C-9AD5-0432B44AF12C}.Debug|x64.Build.0 = Debug|Any CPU
		{15FA8359-BFC7-457C-9AD5-0432B44AF12C}.Debug|x86.ActiveCfg = Debug|Any CPU
		{15FA8359-BFC7-457C-9AD5-0432B44AF12C}.Debug|x86.Build.0 = Debug|Any CPU
		{15FA8359-BFC7-457C-9AD5-0432B44AF12C}.Release|Any CPU.ActiveCfg = Release|Any CPU
		{15FA8359-BFC7-457C-9AD5-0432B44AF12C}.Release|Any CPU.Build.0 = Release|Any CPU
		{15FA8359-BFC7-457C-9AD5-0432B44AF12C}.Release|x64.ActiveCfg = Release|Any CPU
		{15FA8359-BFC7-457C-9AD5-0432B44AF12C}.Release|x64.Build.0 = Release|Any CPU
		{15FA8359-BFC7-457C-9AD5-0432B44AF12C}.Release|x86.ActiveCfg = Release|Any CPU
		{15FA8359-BFC7-457C-9AD5-0432B44AF12C}.Release|x86.Build.0 = Release|Any CPU
		{62C3171E-7BF3-425E-BED1-8884B86B3285}.Debug|Any CPU.ActiveCfg = Debug|Any CPU
		{62C3171E-7BF3-425E-BED1-8884B86B3285}.Debug|Any CPU.Build.0 = Debug|Any CPU
		{62C3171E-7BF3-425E-BED1-8884B86B3285}.Debug|x64.ActiveCfg = Debug|Any CPU
		{62C3171E-7BF3-425E-BED1-8884B86B3285}.Debug|x64.Build.0 = Debug|Any CPU
		{62C3171E-7BF3-425E-BED1-8884B86B3285}.Debug|x86.ActiveCfg = Debug|Any CPU
		{62C3171E-7BF3-425E-BED1-8884B86B3285}.Debug|x86.Build.0 = Debug|Any CPU
		{62C3171E-7BF3-425E-BED1-8884B86B3285}.Release|Any CPU.ActiveCfg = Release|Any CPU
		{62C3171E-7BF3-425E-BED1-8884B86B3285}.Release|Any CPU.Build.0 = Release|Any CPU
		{62C3171E-7BF3-425E-BED1-8884B86B3285}.Release|x64.ActiveCfg = Release|Any CPU
		{62C3171E-7BF3-425E-BED1-8884B86B3285}.Release|x64.Build.0 = Release|Any CPU
		{62C3171E-7BF3-425E-BED1-8884B86B3285}.Release|x86.ActiveCfg = Release|Any CPU
		{62C3171E-7BF3-425E-BED1-8884B86B3285}.Release|x86.Build.0 = Release|Any CPU
		{BA4751C7-1CBA-4483-A8B0-72C3338445A7}.Debug|Any CPU.ActiveCfg = Debug|Any CPU
		{BA4751C7-1CBA-4483-A8B0-72C3338445A7}.Debug|Any CPU.Build.0 = Debug|Any CPU
		{BA4751C7-1CBA-4483-A8B0-72C3338445A7}.Debug|x64.ActiveCfg = Debug|Any CPU
		{BA4751C7-1CBA-4483-A8B0-72C3338445A7}.Debug|x64.Build.0 = Debug|Any CPU
		{BA4751C7-1CBA-4483-A8B0-72C3338445A7}.Debug|x86.ActiveCfg = Debug|Any CPU
		{BA4751C7-1CBA-4483-A8B0-72C3338445A7}.Debug|x86.Build.0 = Debug|Any CPU
		{BA4751C7-1CBA-4483-A8B0-72C3338445A7}.Release|Any CPU.ActiveCfg = Release|Any CPU
		{BA4751C7-1CBA-4483-A8B0-72C3338445A7}.Release|Any CPU.Build.0 = Release|Any CPU
		{BA4751C7-1CBA-4483-A8B0-72C3338445A7}.Release|x64.ActiveCfg = Release|Any CPU
		{BA4751C7-1CBA-4483-A8B0-72C3338445A7}.Release|x64.Build.0 = Release|Any CPU
		{BA4751C7-1CBA-4483-A8B0-72C3338445A7}.Release|x86.ActiveCfg = Release|Any CPU
		{BA4751C7-1CBA-4483-A8B0-72C3338445A7}.Release|x86.Build.0 = Release|Any CPU
	EndGlobalSection
	GlobalSection(SolutionProperties) = preSolution
		HideSolutionNode = FALSE
	EndGlobalSection
	GlobalSection(ExtensibilityGlobals) = postSolution
		SolutionGuid = {71075FF6-34FF-4DFB-BBA7-7654CC357608}
	EndGlobalSection
EndGlobal
